
Microsoft Visual Studio Solution File, Format Version 12.00
# Visual Studio Version 17
VisualStudioVersion = 17.4.33110.190
MinimumVisualStudioVersion = 10.0.40219.1
Project("{FAE04EC0-301F-11D3-BF4B-00C04F79EFBC}") = "CoursePlatformClient.Server", "CoursePlatformClient\Server\CoursePlatformClient.Server.csproj", "{CC9BF834-8FCA-4E6F-9C77-68266B853FBA}"
EndProject
Project("{FAE04EC0-301F-11D3-BF4B-00C04F79EFBC}") = "CoursePlatformClient.Client", "CoursePlatformClient\Client\CoursePlatformClient.Client.csproj", "{2968407E-ACF6-4982-AD62-67E8D971214D}"
EndProject
Project("{FAE04EC0-301F-11D3-BF4B-00C04F79EFBC}") = "CoursePlatformClient.Shared", "CoursePlatformClient\Shared\CoursePlatformClient.Shared.csproj", "{F5E8023A-BAD2-4940-BA68-4059A9D9EA68}"
EndProject
Global
	GlobalSection(SolutionConfigurationPlatforms) = preSolution
		Debug|Any CPU = Debug|Any CPU
		Release|Any CPU = Release|Any CPU
	EndGlobalSection
	GlobalSection(ProjectConfigurationPlatforms) = postSolution
		{CC9BF834-8FCA-4E6F-9C77-68266B853FBA}.Debug|Any CPU.ActiveCfg = Debug|Any CPU
		{CC9BF834-8FCA-4E6F-9C77-68266B853FBA}.Debug|Any CPU.Build.0 = Debug|Any CPU
		{CC9BF834-8FCA-4E6F-9C77-68266B853FBA}.Release|Any CPU.ActiveCfg = Release|Any CPU
		{CC9BF834-8FCA-4E6F-9C77-68266B853FBA}.Release|Any CPU.Build.0 = Release|Any CPU
		{2968407E-ACF6-4982-AD62-67E8D971214D}.Debug|Any CPU.ActiveCfg = Debug|Any CPU
		{2968407E-ACF6-4982-AD62-67E8D971214D}.Debug|Any CPU.Build.0 = Debug|Any CPU
		{2968407E-ACF6-4982-AD62-67E8D971214D}.Release|Any CPU.ActiveCfg = Release|Any CPU
		{2968407E-ACF6-4982-AD62-67E8D971214D}.Release|Any CPU.Build.0 = Release|Any CPU
		{F5E8023A-BAD2-4940-BA68-4059A9D9EA68}.Debug|Any CPU.ActiveCfg = Debug|Any CPU
		{F5E8023A-BAD2-4940-BA68-4059A9D9EA68}.Debug|Any CPU.Build.0 = Debug|Any CPU
		{F5E8023A-BAD2-4940-BA68-4059A9D9EA68}.Release|Any CPU.ActiveCfg = Release|Any CPU
		{F5E8023A-BAD2-4940-BA68-4059A9D9EA68}.Release|Any CPU.Build.0 = Release|Any CPU
	EndGlobalSection
	GlobalSection(SolutionProperties) = preSolution
		HideSolutionNode = FALSE
	EndGlobalSection
	GlobalSection(ExtensibilityGlobals) = postSolution
		SolutionGuid = {DF5422BE-9ADC-4D7E-8090-5ECE7400B5F0}
	EndGlobalSection
EndGlobal
